
Microsoft Visual Studio Solution File, Format Version 12.00
# Visual Studio Version 16
VisualStudioVersion = 16.0.30002.166
MinimumVisualStudioVersion = 10.0.40219.1
Project("{888888A0-9F3D-457C-B088-3A5042F75D52}") = "Main", "Main.pyproj", "{8194BAB0-4E4A-477A-9223-DAC5E33C2FF4}"
EndProject
Project("{9A19103F-16F7-4668-BE54-9A1E7A4F7556}") = "DataProcessor", "..\..\..\..\..\..\..\source\repos\DataProcessor\DataProcessor\DataProcessor.csproj", "{88954FB8-A49D-4B46-9DE8-85D6DF626590}"
EndProject
Project("{9A19103F-16F7-4668-BE54-9A1E7A4F7556}") = "GraphTool", "..\..\..\..\..\..\..\source\repos\DataProcessor\GraphTool\GraphTool.csproj", "{F2FAD182-7490-41DC-A075-3571E4EA4B24}"
EndProject
Project("{9A19103F-16F7-4668-BE54-9A1E7A4F7556}") = "Library", "..\..\..\..\..\..\..\source\repos\DataProcessor\Library\Library.csproj", "{90BB7294-15E3-4EA7-9D5D-CF275F3B5807}"
EndProject
Global
	GlobalSection(SolutionConfigurationPlatforms) = preSolution
		Debug|Any CPU = Debug|Any CPU
		Release|Any CPU = Release|Any CPU
	EndGlobalSection
	GlobalSection(ProjectConfigurationPlatforms) = postSolution
		{8194BAB0-4E4A-477A-9223-DAC5E33C2FF4}.Debug|Any CPU.ActiveCfg = Debug|Any CPU
		{8194BAB0-4E4A-477A-9223-DAC5E33C2FF4}.Release|Any CPU.ActiveCfg = Release|Any CPU
		{88954FB8-A49D-4B46-9DE8-85D6DF626590}.Debug|Any CPU.ActiveCfg = Debug|Any CPU
		{88954FB8-A49D-4B46-9DE8-85D6DF626590}.Debug|Any CPU.Build.0 = Debug|Any CPU
		{88954FB8-A49D-4B46-9DE8-85D6DF626590}.Release|Any CPU.ActiveCfg = Release|Any CPU
		{88954FB8-A49D-4B46-9DE8-85D6DF626590}.Release|Any CPU.Build.0 = Release|Any CPU
		{F2FAD182-7490-41DC-A075-3571E4EA4B24}.Debug|Any CPU.ActiveCfg = Debug|Any CPU
		{F2FAD182-7490-41DC-A075-3571E4EA4B24}.Debug|Any CPU.Build.0 = Debug|Any CPU
		{F2FAD182-7490-41DC-A075-3571E4EA4B24}.Release|Any CPU.ActiveCfg = Release|Any CPU
		{F2FAD182-7490-41DC-A075-3571E4EA4B24}.Release|Any CPU.Build.0 = Release|Any CPU
		{90BB7294-15E3-4EA7-9D5D-CF275F3B5807}.Debug|Any CPU.ActiveCfg = Debug|Any CPU
		{90BB7294-15E3-4EA7-9D5D-CF275F3B5807}.Debug|Any CPU.Build.0 = Debug|Any CPU
		{90BB7294-15E3-4EA7-9D5D-CF275F3B5807}.Release|Any CPU.ActiveCfg = Release|Any CPU
		{90BB7294-15E3-4EA7-9D5D-CF275F3B5807}.Release|Any CPU.Build.0 = Release|Any CPU
	EndGlobalSection
	GlobalSection(SolutionProperties) = preSolution
		HideSolutionNode = FALSE
	EndGlobalSection
	GlobalSection(ExtensibilityGlobals) = postSolution
		SolutionGuid = {7B98C9BB-1A01-4028-8175-51190697A661}
	EndGlobalSection
EndGlobal
